
Microsoft Visual Studio Solution File, Format Version 12.00
# Visual Studio Version 16
VisualStudioVersion = 16.0.31624.102
MinimumVisualStudioVersion = 10.0.40219.1
Project("{888888A0-9F3D-457C-B088-3A5042F75D52}") = "MyAsistent", "MyAsistent.pyproj", "{06AA774E-F24D-4A6A-A509-4D509749FFD8}"
EndProject
Global
	GlobalSection(SolutionConfigurationPlatforms) = preSolution
		Debug|Any CPU = Debug|Any CPU
		Release|Any CPU = Release|Any CPU
	EndGlobalSection
	GlobalSection(ProjectConfigurationPlatforms) = postSolution
		{06AA774E-F24D-4A6A-A509-4D509749FFD8}.Debug|Any CPU.ActiveCfg = Debug|Any CPU
		{06AA774E-F24D-4A6A-A509-4D509749FFD8}.Release|Any CPU.ActiveCfg = Release|Any CPU
	EndGlobalSection
	GlobalSection(SolutionProperties) = preSolution
		HideSolutionNode = FALSE
	EndGlobalSection
	GlobalSection(ExtensibilityGlobals) = postSolution
		SolutionGuid = {949576D3-063B-41B4-AEAD-60DAE9AC3675}
	EndGlobalSection
EndGlobal
